
Microsoft Visual Studio Solution File, Format Version 11.00
# Visual Studio 2010
Project("{FAE04EC0-301F-11D3-BF4B-00C04F79EFBC}") = "Accela.AuthorizedAgent.Client", "Accela.AuthorizedAgent.Client\Accela.AuthorizedAgent.Client.csproj", "{4496DD49-4723-4E52-967D-B440CA419BCA}"
EndProject
Project("{FAE04EC0-301F-11D3-BF4B-00C04F79EFBC}") = "Accela.AuthorizedAgent.Common", "Accela.AuthorizedAgent.Common\Accela.AuthorizedAgent.Common.csproj", "{6E692085-0AFF-4B12-845D-1451F9E0C768}"
EndProject
Global
	GlobalSection(SolutionConfigurationPlatforms) = preSolution
		Debug|Any CPU = Debug|Any CPU
		Debug|Mixed Platforms = Debug|Mixed Platforms
		Debug|x86 = Debug|x86
		Release|Any CPU = Release|Any CPU
		Release|Mixed Platforms = Release|Mixed Platforms
		Release|x86 = Release|x86
	EndGlobalSection
	GlobalSection(ProjectConfigurationPlatforms) = postSolution
		{4496DD49-4723-4E52-967D-B440CA419BCA}.Debug|Any CPU.ActiveCfg = Debug|x86
		{4496DD49-4723-4E52-967D-B440CA419BCA}.Debug|Mixed Platforms.ActiveCfg = Release|x86
		{4496DD49-4723-4E52-967D-B440CA419BCA}.Debug|Mixed Platforms.Build.0 = Release|x86
		{4496DD49-4723-4E52-967D-B440CA419BCA}.Debug|x86.ActiveCfg = Debug|x86
		{4496DD49-4723-4E52-967D-B440CA419BCA}.Debug|x86.Build.0 = Debug|x86
		{4496DD49-4723-4E52-967D-B440CA419BCA}.Release|Any CPU.ActiveCfg = Release|x86
		{4496DD49-4723-4E52-967D-B440CA419BCA}.Release|Mixed Platforms.ActiveCfg = Release|x86
		{4496DD49-4723-4E52-967D-B440CA419BCA}.Release|Mixed Platforms.Build.0 = Release|x86
		{4496DD49-4723-4E52-967D-B440CA419BCA}.Release|x86.ActiveCfg = Release|x86
		{4496DD49-4723-4E52-967D-B440CA419BCA}.Release|x86.Build.0 = Release|x86
		{6E692085-0AFF-4B12-845D-1451F9E0C768}.Debug|Any CPU.ActiveCfg = Debug|Any CPU
		{6E692085-0AFF-4B12-845D-1451F9E0C768}.Debug|Any CPU.Build.0 = Debug|Any CPU
		{6E692085-0AFF-4B12-845D-1451F9E0C768}.Debug|Mixed Platforms.ActiveCfg = Debug|Any CPU
		{6E692085-0AFF-4B12-845D-1451F9E0C768}.Debug|Mixed Platforms.Build.0 = Debug|Any CPU
		{6E692085-0AFF-4B12-845D-1451F9E0C768}.Debug|x86.ActiveCfg = Debug|Any CPU
		{6E692085-0AFF-4B12-845D-1451F9E0C768}.Release|Any CPU.ActiveCfg = Release|Any CPU
		{6E692085-0AFF-4B12-845D-1451F9E0C768}.Release|Any CPU.Build.0 = Release|Any CPU
		{6E692085-0AFF-4B12-845D-1451F9E0C768}.Release|Mixed Platforms.ActiveCfg = Release|Any CPU
		{6E692085-0AFF-4B12-845D-1451F9E0C768}.Release|Mixed Platforms.Build.0 = Release|Any CPU
		{6E692085-0AFF-4B12-845D-1451F9E0C768}.Release|x86.ActiveCfg = Release|Any CPU
	EndGlobalSection
	GlobalSection(SolutionProperties) = preSolution
		HideSolutionNode = FALSE
	EndGlobalSection
EndGlobal
